// !$*UTF8*$!
{
	archiveVersion = 1;
	classes = {
	};
	objectVersion = 56;
	objects = {

/* Begin PBXBuildFile section */
		A10000001 /* MountainGuideApp.swift in Sources */ = {isa = PBXBuildFile; fileRef = A20000001 /* MountainGuideApp.swift */; };
		A10000002 /* Theme.swift in Sources */ = {isa = PBXBuildFile; fileRef = A20000002 /* Theme.swift */; };
		A10000003 /* SRSCard.swift in Sources */ = {isa = PBXBuildFile; fileRef = A20000003 /* SRSCard.swift */; };
		A10000004 /* Domain.swift in Sources */ = {isa = PBXBuildFile; fileRef = A20000004 /* Domain.swift */; };
		A10000005 /* Scenario.swift in Sources */ = {isa = PBXBuildFile; fileRef = A20000005 /* Scenario.swift */; };
		A10000006 /* SRSEngine.swift in Sources */ = {isa = PBXBuildFile; fileRef = A20000006 /* SRSEngine.swift */; };
		A10000007 /* MasteryEngine.swift in Sources */ = {isa = PBXBuildFile; fileRef = A20000007 /* MasteryEngine.swift */; };
		A10000008 /* CardGenerator.swift in Sources */ = {isa = PBXBuildFile; fileRef = A20000008 /* CardGenerator.swift */; };
		A10000009 /* DomainContent.swift in Sources */ = {isa = PBXBuildFile; fileRef = A20000009 /* DomainContent.swift */; };
		A10000010 /* ScenarioContent.swift in Sources */ = {isa = PBXBuildFile; fileRef = A20000010 /* ScenarioContent.swift */; };
		A10000011 /* KnowledgeStore.swift in Sources */ = {isa = PBXBuildFile; fileRef = A20000011 /* KnowledgeStore.swift */; };
		A10000012 /* NotificationService.swift in Sources */ = {isa = PBXBuildFile; fileRef = A20000012 /* NotificationService.swift */; };
		A10000013 /* DashboardView.swift in Sources */ = {isa = PBXBuildFile; fileRef = A20000013 /* DashboardView.swift */; };
		A10000014 /* ReviewSessionView.swift in Sources */ = {isa = PBXBuildFile; fileRef = A20000014 /* ReviewSessionView.swift */; };
		A10000015 /* DomainListView.swift in Sources */ = {isa = PBXBuildFile; fileRef = A20000015 /* DomainListView.swift */; };
		A10000016 /* ModuleDetailView.swift in Sources */ = {isa = PBXBuildFile; fileRef = A20000016 /* ModuleDetailView.swift */; };
		A10000017 /* ScenarioView.swift in Sources */ = {isa = PBXBuildFile; fileRef = A20000017 /* ScenarioView.swift */; };
		A10000018 /* SettingsView.swift in Sources */ = {isa = PBXBuildFile; fileRef = A20000018 /* SettingsView.swift */; };
		B10000001 /* LessonContent.swift in Sources */ = {isa = PBXBuildFile; fileRef = B20000001 /* LessonContent.swift */; };
		B10000002 /* PracticeQuestion.swift in Sources */ = {isa = PBXBuildFile; fileRef = B20000002 /* PracticeQuestion.swift */; };
		B10000003 /* GamificationState.swift in Sources */ = {isa = PBXBuildFile; fileRef = B20000003 /* GamificationState.swift */; };
		B10000004 /* GamificationEngine.swift in Sources */ = {isa = PBXBuildFile; fileRef = B20000004 /* GamificationEngine.swift */; };
		B10000005 /* WeatherLessons.swift in Sources */ = {isa = PBXBuildFile; fileRef = B20000005 /* WeatherLessons.swift */; };
		B10000006 /* AvalancheLessons.swift in Sources */ = {isa = PBXBuildFile; fileRef = B20000006 /* AvalancheLessons.swift */; };
		B10000007 /* FlyingLessons.swift in Sources */ = {isa = PBXBuildFile; fileRef = B20000007 /* FlyingLessons.swift */; };
		B10000008 /* LessonContentData.swift in Sources */ = {isa = PBXBuildFile; fileRef = B20000008 /* LessonContentData.swift */; };
		B10000009 /* LayeredStackDiagram.swift in Sources */ = {isa = PBXBuildFile; fileRef = B20000009 /* LayeredStackDiagram.swift */; };
		B10000010 /* CrossSectionDiagram.swift in Sources */ = {isa = PBXBuildFile; fileRef = B20000010 /* CrossSectionDiagram.swift */; };
		B10000011 /* InteractiveGaugeDiagram.swift in Sources */ = {isa = PBXBuildFile; fileRef = B20000011 /* InteractiveGaugeDiagram.swift */; };
		B10000012 /* ComparisonSplitDiagram.swift in Sources */ = {isa = PBXBuildFile; fileRef = B20000012 /* ComparisonSplitDiagram.swift */; };
		B10000013 /* ForceArrowDiagram.swift in Sources */ = {isa = PBXBuildFile; fileRef = B20000013 /* ForceArrowDiagram.swift */; };
		B10000014 /* TriangleDiagram.swift in Sources */ = {isa = PBXBuildFile; fileRef = B20000014 /* TriangleDiagram.swift */; };
		B10000015 /* TimelineDiagram.swift in Sources */ = {isa = PBXBuildFile; fileRef = B20000015 /* TimelineDiagram.swift */; };
		B10000016 /* LabeledSceneDiagram.swift in Sources */ = {isa = PBXBuildFile; fileRef = B20000016 /* LabeledSceneDiagram.swift */; };
		B10000017 /* DiagramFactory.swift in Sources */ = {isa = PBXBuildFile; fileRef = B20000017 /* DiagramFactory.swift */; };
		B10000018 /* MCQView.swift in Sources */ = {isa = PBXBuildFile; fileRef = B20000018 /* MCQView.swift */; };
		B10000019 /* SequenceOrderView.swift in Sources */ = {isa = PBXBuildFile; fileRef = B20000019 /* SequenceOrderView.swift */; };
		B10000020 /* LabelDiagramView.swift in Sources */ = {isa = PBXBuildFile; fileRef = B20000020 /* LabelDiagramView.swift */; };
		B10000021 /* TrueFalseView.swift in Sources */ = {isa = PBXBuildFile; fileRef = B20000021 /* TrueFalseView.swift */; };
		B10000022 /* CalculationView.swift in Sources */ = {isa = PBXBuildFile; fileRef = B20000022 /* CalculationView.swift */; };
		B10000023 /* HotspotView.swift in Sources */ = {isa = PBXBuildFile; fileRef = B20000023 /* HotspotView.swift */; };
		B10000024 /* MatchPairsView.swift in Sources */ = {isa = PBXBuildFile; fileRef = B20000024 /* MatchPairsView.swift */; };
		B10000025 /* PracticeQuestionFactory.swift in Sources */ = {isa = PBXBuildFile; fileRef = B20000025 /* PracticeQuestionFactory.swift */; };
		B10000026 /* ProgressDotsView.swift in Sources */ = {isa = PBXBuildFile; fileRef = B20000026 /* ProgressDotsView.swift */; };
		B10000027 /* XPAnimationView.swift in Sources */ = {isa = PBXBuildFile; fileRef = B20000027 /* XPAnimationView.swift */; };
		B10000028 /* MedalView.swift in Sources */ = {isa = PBXBuildFile; fileRef = B20000028 /* MedalView.swift */; };
		B10000029 /* AnimatedCounterView.swift in Sources */ = {isa = PBXBuildFile; fileRef = B20000029 /* AnimatedCounterView.swift */; };
		B10000030 /* ConceptMapView.swift in Sources */ = {isa = PBXBuildFile; fileRef = B20000030 /* ConceptMapView.swift */; };
		B10000031 /* LessonTeachingPhase.swift in Sources */ = {isa = PBXBuildFile; fileRef = B20000031 /* LessonTeachingPhase.swift */; };
		B10000032 /* LessonPracticePhase.swift in Sources */ = {isa = PBXBuildFile; fileRef = B20000032 /* LessonPracticePhase.swift */; };
		B10000033 /* LessonSynthesisPhase.swift in Sources */ = {isa = PBXBuildFile; fileRef = B20000033 /* LessonSynthesisPhase.swift */; };
		B10000034 /* LessonResultsPhase.swift in Sources */ = {isa = PBXBuildFile; fileRef = B20000034 /* LessonResultsPhase.swift */; };
		B10000035 /* LessonView.swift in Sources */ = {isa = PBXBuildFile; fileRef = B20000035 /* LessonView.swift */; };
		C10000001 /* CloudShapes.swift in Sources */ = {isa = PBXBuildFile; fileRef = C20000001 /* CloudShapes.swift */; };
		C10000002 /* SceneRenderer.swift in Sources */ = {isa = PBXBuildFile; fileRef = C20000002 /* SceneRenderer.swift */; };
		C10000003 /* DefaultScene.swift in Sources */ = {isa = PBXBuildFile; fileRef = C20000003 /* DefaultScene.swift */; };
		C10000004 /* CumulusScene.swift in Sources */ = {isa = PBXBuildFile; fileRef = C20000004 /* CumulusScene.swift */; };
		C10000005 /* LenticularScene.swift in Sources */ = {isa = PBXBuildFile; fileRef = C20000005 /* LenticularScene.swift */; };
		C10000006 /* CumulonimbusScene.swift in Sources */ = {isa = PBXBuildFile; fileRef = C20000006 /* CumulonimbusScene.swift */; };
		C10000007 /* CloudStreetScene.swift in Sources */ = {isa = PBXBuildFile; fileRef = C20000007 /* CloudStreetScene.swift */; };
		C10000008 /* DyingVsBuildingScene.swift in Sources */ = {isa = PBXBuildFile; fileRef = C20000008 /* DyingVsBuildingScene.swift */; };
		C10000009 /* MountainCloudOverviewScene.swift in Sources */ = {isa = PBXBuildFile; fileRef = C20000009 /* MountainCloudOverviewScene.swift */; };
		C10000010 /* SurfaceTypesScene.swift in Sources */ = {isa = PBXBuildFile; fileRef = C20000010 /* SurfaceTypesScene.swift */; };
		C10000011 /* TerrainTrapCrossSectionScene.swift in Sources */ = {isa = PBXBuildFile; fileRef = C20000011 /* TerrainTrapCrossSectionScene.swift */; };
		C10000012 /* GullyComparisonScene.swift in Sources */ = {isa = PBXBuildFile; fileRef = C20000012 /* GullyComparisonScene.swift */; };
		C10000013 /* CliffBandScene.swift in Sources */ = {isa = PBXBuildFile; fileRef = C20000013 /* CliffBandScene.swift */; };
		C10000014 /* ForestTerrainScene.swift in Sources */ = {isa = PBXBuildFile; fileRef = C20000014 /* ForestTerrainScene.swift */; };
		C10000015 /* MapContourScene.swift in Sources */ = {isa = PBXBuildFile; fileRef = C20000015 /* MapContourScene.swift */; };
		C10000016 /* KnotDiagramScene.swift in Sources */ = {isa = PBXBuildFile; fileRef = C20000016 /* KnotDiagramScene.swift */; };
		C10000017 /* GlacierSurfaceScene.swift in Sources */ = {isa = PBXBuildFile; fileRef = C20000017 /* GlacierSurfaceScene.swift */; };
		C10000018 /* BodyAssessmentScene.swift in Sources */ = {isa = PBXBuildFile; fileRef = C20000018 /* BodyAssessmentScene.swift */; };
		C10000019 /* RopeTeamScene.swift in Sources */ = {isa = PBXBuildFile; fileRef = C20000019 /* RopeTeamScene.swift */; };
		C10000020 /* AnchorSystemScene.swift in Sources */ = {isa = PBXBuildFile; fileRef = C20000020 /* AnchorSystemScene.swift */; };
		D10000001 /* ExploreContent.swift in Sources */ = {isa = PBXBuildFile; fileRef = D20000001 /* ExploreContent.swift */; };
		D10000002 /* ExploreView.swift in Sources */ = {isa = PBXBuildFile; fileRef = D20000002 /* ExploreView.swift */; };
		D10000003 /* ExploreArticleView.swift in Sources */ = {isa = PBXBuildFile; fileRef = D20000003 /* ExploreArticleView.swift */; };
		D10000004 /* ExploreContentData.swift in Sources */ = {isa = PBXBuildFile; fileRef = D20000004 /* ExploreContentData.swift */; };
		D10000005 /* WeatherExplore.swift in Sources */ = {isa = PBXBuildFile; fileRef = D20000005 /* WeatherExplore.swift */; };
		D10000006 /* AvalancheExplore.swift in Sources */ = {isa = PBXBuildFile; fileRef = D20000006 /* AvalancheExplore.swift */; };
		D10000007 /* FlyingExplore.swift in Sources */ = {isa = PBXBuildFile; fileRef = D20000007 /* FlyingExplore.swift */; };
		D10000008 /* NavigationExplore.swift in Sources */ = {isa = PBXBuildFile; fileRef = D20000008 /* NavigationExplore.swift */; };
		D10000009 /* RopeSystemsExplore.swift in Sources */ = {isa = PBXBuildFile; fileRef = D20000009 /* RopeSystemsExplore.swift */; };
		D10000010 /* GlacierTravelExplore.swift in Sources */ = {isa = PBXBuildFile; fileRef = D20000010 /* GlacierTravelExplore.swift */; };
		D10000011 /* FirstAidExplore.swift in Sources */ = {isa = PBXBuildFile; fileRef = D20000011 /* FirstAidExplore.swift */; };
		E10000001 /* NavigationLessons.swift in Sources */ = {isa = PBXBuildFile; fileRef = E20000001 /* NavigationLessons.swift */; };
		E10000002 /* RopeSystemsLessons.swift in Sources */ = {isa = PBXBuildFile; fileRef = E20000002 /* RopeSystemsLessons.swift */; };
		E10000003 /* GlacierTravelLessons.swift in Sources */ = {isa = PBXBuildFile; fileRef = E20000003 /* GlacierTravelLessons.swift */; };
		E10000004 /* FirstAidLessons.swift in Sources */ = {isa = PBXBuildFile; fileRef = E20000004 /* FirstAidLessons.swift */; };
		F10000001 /* SwissTopoMapView.swift in Sources */ = {isa = PBXBuildFile; fileRef = F20000001 /* SwissTopoMapView.swift */; };
		F10000002 /* PhotoPlaceholder.swift in Sources */ = {isa = PBXBuildFile; fileRef = F20000002 /* PhotoPlaceholder.swift */; };
		F10000003 /* Assets.xcassets in Resources */ = {isa = PBXBuildFile; fileRef = F20000003 /* Assets.xcassets */; };
		G10000001 /* LottieAnimationView.swift in Sources */ = {isa = PBXBuildFile; fileRef = G20000001 /* LottieAnimationView.swift */; };
		G10000002 /* Lottie in Frameworks */ = {isa = PBXBuildFile; productRef = G30000001 /* Lottie */; };
		G10000003 /* Animations in Resources */ = {isa = PBXBuildFile; fileRef = G20000002 /* Animations */; };
		H10000001 /* RiveAnimationView.swift in Sources */ = {isa = PBXBuildFile; fileRef = H20000001 /* RiveAnimationView.swift */; };
		H10000002 /* RiveRuntime in Frameworks */ = {isa = PBXBuildFile; productRef = H30000001 /* RiveRuntime */; };
		H10000003 /* IllustrationView.swift in Sources */ = {isa = PBXBuildFile; fileRef = H20000003 /* IllustrationView.swift */; };
		H10000004 /* IllustrationRegistry.swift in Sources */ = {isa = PBXBuildFile; fileRef = H20000004 /* IllustrationRegistry.swift */; };
		H10000005 /* SkyPrimitives.swift in Sources */ = {isa = PBXBuildFile; fileRef = H20000005 /* SkyPrimitives.swift */; };
		H10000006 /* TerrainPrimitives.swift in Sources */ = {isa = PBXBuildFile; fileRef = H20000006 /* TerrainPrimitives.swift */; };
		H10000007 /* SnowPrimitives.swift in Sources */ = {isa = PBXBuildFile; fileRef = H20000007 /* SnowPrimitives.swift */; };
		H10000008 /* WeatherPrimitives.swift in Sources */ = {isa = PBXBuildFile; fileRef = H20000008 /* WeatherPrimitives.swift */; };
		H10000009 /* VegetationPrimitives.swift in Sources */ = {isa = PBXBuildFile; fileRef = H20000009 /* VegetationPrimitives.swift */; };
		H10000010 /* EquipmentPrimitives.swift in Sources */ = {isa = PBXBuildFile; fileRef = H20000010 /* EquipmentPrimitives.swift */; };
		H10000011 /* HumanPrimitives.swift in Sources */ = {isa = PBXBuildFile; fileRef = H20000011 /* HumanPrimitives.swift */; };
		H10000012 /* PatternPrimitives.swift in Sources */ = {isa = PBXBuildFile; fileRef = H20000012 /* PatternPrimitives.swift */; };
		H10000013 /* WeatherIllustrations.swift in Sources */ = {isa = PBXBuildFile; fileRef = H20000013 /* WeatherIllustrations.swift */; };
		H10000014 /* AvalancheIllustrations.swift in Sources */ = {isa = PBXBuildFile; fileRef = H20000014 /* AvalancheIllustrations.swift */; };
		H10000015 /* FlyingIllustrations.swift in Sources */ = {isa = PBXBuildFile; fileRef = H20000015 /* FlyingIllustrations.swift */; };
		H10000016 /* NavigationIllustrations.swift in Sources */ = {isa = PBXBuildFile; fileRef = H20000016 /* NavigationIllustrations.swift */; };
		H10000017 /* RopeSystemsIllustrations.swift in Sources */ = {isa = PBXBuildFile; fileRef = H20000017 /* RopeSystemsIllustrations.swift */; };
		H10000018 /* GlacierIllustrations.swift in Sources */ = {isa = PBXBuildFile; fileRef = H20000018 /* GlacierIllustrations.swift */; };
		H10000019 /* FirstAidIllustrations.swift in Sources */ = {isa = PBXBuildFile; fileRef = H20000019 /* FirstAidIllustrations.swift */; };
		I10000001 /* WeatherData.swift in Sources */ = {isa = PBXBuildFile; fileRef = I20000001 /* WeatherData.swift */; };
		I10000002 /* WeatherService.swift in Sources */ = {isa = PBXBuildFile; fileRef = I20000002 /* WeatherService.swift */; };
		I10000003 /* FieldView.swift in Sources */ = {isa = PBXBuildFile; fileRef = I20000003 /* FieldView.swift */; };
		I10000004 /* InclinometerView.swift in Sources */ = {isa = PBXBuildFile; fileRef = I20000004 /* InclinometerView.swift */; };
		I10000005 /* CompassView.swift in Sources */ = {isa = PBXBuildFile; fileRef = I20000005 /* CompassView.swift */; };
		I10000006 /* AltimeterView.swift in Sources */ = {isa = PBXBuildFile; fileRef = I20000006 /* AltimeterView.swift */; };
		I10000007 /* ReductionMethodView.swift in Sources */ = {isa = PBXBuildFile; fileRef = I20000007 /* ReductionMethodView.swift */; };
		I10000008 /* ConditionsView.swift in Sources */ = {isa = PBXBuildFile; fileRef = I20000008 /* ConditionsView.swift */; };
		I10000009 /* InstrumentCard.swift in Sources */ = {isa = PBXBuildFile; fileRef = I20000009 /* InstrumentCard.swift */; };
		J10000001 /* BulletinData.swift in Sources */ = {isa = PBXBuildFile; fileRef = J20000001 /* BulletinData.swift */; };
		J10000002 /* TourData.swift in Sources */ = {isa = PBXBuildFile; fileRef = J20000002 /* TourData.swift */; };
		J10000003 /* BulletinService.swift in Sources */ = {isa = PBXBuildFile; fileRef = J20000003 /* BulletinService.swift */; };
		J10000004 /* TourStore.swift in Sources */ = {isa = PBXBuildFile; fileRef = J20000004 /* TourStore.swift */; };
		J10000005 /* BulletinView.swift in Sources */ = {isa = PBXBuildFile; fileRef = J20000005 /* BulletinView.swift */; };
		J10000006 /* BulletinCardViews.swift in Sources */ = {isa = PBXBuildFile; fileRef = J20000006 /* BulletinCardViews.swift */; };
		J10000007 /* TourPlannerView.swift in Sources */ = {isa = PBXBuildFile; fileRef = J20000007 /* TourPlannerView.swift */; };
		J10000008 /* TourMapView.swift in Sources */ = {isa = PBXBuildFile; fileRef = J20000008 /* TourMapView.swift */; };
		J10000009 /* TourListView.swift in Sources */ = {isa = PBXBuildFile; fileRef = J20000009 /* TourListView.swift */; };
		J10000010 /* RiskAssessmentView.swift in Sources */ = {isa = PBXBuildFile; fileRef = J20000010 /* RiskAssessmentView.swift */; };
		K10000001 /* Activity.swift in Sources */ = {isa = PBXBuildFile; fileRef = K20000001 /* Activity.swift */; };
		K10000002 /* ActivityStore.swift in Sources */ = {isa = PBXBuildFile; fileRef = K20000002 /* ActivityStore.swift */; };
		K10000003 /* LearnView.swift in Sources */ = {isa = PBXBuildFile; fileRef = K20000003 /* LearnView.swift */; };
		K10000004 /* MapTabView.swift in Sources */ = {isa = PBXBuildFile; fileRef = K20000004 /* MapTabView.swift */; };
		K10000005 /* ProfileView.swift in Sources */ = {isa = PBXBuildFile; fileRef = K20000005 /* ProfileView.swift */; };
		K10000006 /* ActivitySelectorBar.swift in Sources */ = {isa = PBXBuildFile; fileRef = K20000006 /* ActivitySelectorBar.swift */; };
		L10000001 /* AirspaceData.swift in Sources */ = {isa = PBXBuildFile; fileRef = L20000001 /* AirspaceData.swift */; };
		L10000002 /* ThermalForecast.swift in Sources */ = {isa = PBXBuildFile; fileRef = L20000002 /* ThermalForecast.swift */; };
		L10000003 /* ActivityLog.swift in Sources */ = {isa = PBXBuildFile; fileRef = L20000003 /* ActivityLog.swift */; };
		L10000004 /* AirspaceService.swift in Sources */ = {isa = PBXBuildFile; fileRef = L20000004 /* AirspaceService.swift */; };
		L10000005 /* FlightLogger.swift in Sources */ = {isa = PBXBuildFile; fileRef = L20000005 /* FlightLogger.swift */; };
		L10000006 /* ActivityLogStore.swift in Sources */ = {isa = PBXBuildFile; fileRef = L20000006 /* ActivityLogStore.swift */; };
		L10000007 /* ActivityMapView.swift in Sources */ = {isa = PBXBuildFile; fileRef = L20000007 /* ActivityMapView.swift */; };
		L10000008 /* AirspaceOverlay.swift in Sources */ = {isa = PBXBuildFile; fileRef = L20000008 /* AirspaceOverlay.swift */; };
		L10000009 /* PreFlightView.swift in Sources */ = {isa = PBXBuildFile; fileRef = L20000009 /* PreFlightView.swift */; };
		L10000010 /* FlightLogView.swift in Sources */ = {isa = PBXBuildFile; fileRef = L20000010 /* FlightLogView.swift */; };
		M10000001 /* ActivitySource.swift in Sources */ = {isa = PBXBuildFile; fileRef = M20000001 /* ActivitySource.swift */; };
		M10000002 /* PostTripReview.swift in Sources */ = {isa = PBXBuildFile; fileRef = M20000002 /* PostTripReview.swift */; };
		M10000003 /* MergedActivity.swift in Sources */ = {isa = PBXBuildFile; fileRef = M20000003 /* MergedActivity.swift */; };
		M10000004 /* ActivityFileStore.swift in Sources */ = {isa = PBXBuildFile; fileRef = M20000004 /* ActivityFileStore.swift */; };
		N10000001 /* HealthKitService.swift in Sources */ = {isa = PBXBuildFile; fileRef = N20000001 /* HealthKitService.swift */; };
		N10000002 /* HealthKitConnectionView.swift in Sources */ = {isa = PBXBuildFile; fileRef = N20000002 /* HealthKitConnectionView.swift */; };
		N10000003 /* ImportProgressView.swift in Sources */ = {isa = PBXBuildFile; fileRef = N20000003 /* ImportProgressView.swift */; };
		O10000001 /* XContestService.swift in Sources */ = {isa = PBXBuildFile; fileRef = O20000001 /* XContestService.swift */; };
		O10000002 /* IGCParser.swift in Sources */ = {isa = PBXBuildFile; fileRef = O20000002 /* IGCParser.swift */; };
		O10000003 /* IGCImporter.swift in Sources */ = {isa = PBXBuildFile; fileRef = O20000003 /* IGCImporter.swift */; };
		O10000004 /* MergeEngine.swift in Sources */ = {isa = PBXBuildFile; fileRef = O20000004 /* MergeEngine.swift */; };
		O10000005 /* MergeSuggestionCard.swift in Sources */ = {isa = PBXBuildFile; fileRef = O20000005 /* MergeSuggestionCard.swift */; };
		O10000006 /* XContestConnectionView.swift in Sources */ = {isa = PBXBuildFile; fileRef = O20000006 /* XContestConnectionView.swift */; };
		P10000001 /* HazardContent.swift in Sources */ = {isa = PBXBuildFile; fileRef = P20000001 /* HazardContent.swift */; };
		P10000002 /* PostTripReviewView.swift in Sources */ = {isa = PBXBuildFile; fileRef = P20000002 /* PostTripReviewView.swift */; };
		P10000003 /* ReviewStepViews.swift in Sources */ = {isa = PBXBuildFile; fileRef = P20000003 /* ReviewStepViews.swift */; };
		P10000004 /* LogbookView.swift in Sources */ = {isa = PBXBuildFile; fileRef = P20000004 /* LogbookView.swift */; };
		P10000005 /* ActivityDetailView.swift in Sources */ = {isa = PBXBuildFile; fileRef = P20000005 /* ActivityDetailView.swift */; };
		P10000006 /* StatsView.swift in Sources */ = {isa = PBXBuildFile; fileRef = P20000006 /* StatsView.swift */; };
		Q10000001 /* HomeView.swift in Sources */ = {isa = PBXBuildFile; fileRef = Q20000001 /* HomeView.swift */; };
		R10000001 /* LaunchSiteData.swift in Sources */ = {isa = PBXBuildFile; fileRef = R20000001 /* LaunchSiteData.swift */; };
		R10000002 /* ParaglidingEarthService.swift in Sources */ = {isa = PBXBuildFile; fileRef = R20000002 /* ParaglidingEarthService.swift */; };
		S10000001 /* DangerRegionOverlay.swift in Sources */ = {isa = PBXBuildFile; fileRef = S20000001 /* DangerRegionOverlay.swift */; };
		T10000001 /* LocationService.swift in Sources */ = {isa = PBXBuildFile; fileRef = T20000001 /* LocationService.swift */; };
/* End PBXBuildFile section */

/* Begin PBXFileReference section */
		A20000001 /* MountainGuideApp.swift */ = {isa = PBXFileReference; lastKnownFileType = sourcecode.swift; path = MountainGuideApp.swift; sourceTree = "<group>"; };
		A20000002 /* Theme.swift */ = {isa = PBXFileReference; lastKnownFileType = sourcecode.swift; path = Theme.swift; sourceTree = "<group>"; };
		A20000003 /* SRSCard.swift */ = {isa = PBXFileReference; lastKnownFileType = sourcecode.swift; path = SRSCard.swift; sourceTree = "<group>"; };
		A20000004 /* Domain.swift */ = {isa = PBXFileReference; lastKnownFileType = sourcecode.swift; path = Domain.swift; sourceTree = "<group>"; };
		A20000005 /* Scenario.swift */ = {isa = PBXFileReference; lastKnownFileType = sourcecode.swift; path = Scenario.swift; sourceTree = "<group>"; };
		A20000006 /* SRSEngine.swift */ = {isa = PBXFileReference; lastKnownFileType = sourcecode.swift; path = SRSEngine.swift; sourceTree = "<group>"; };
		A20000007 /* MasteryEngine.swift */ = {isa = PBXFileReference; lastKnownFileType = sourcecode.swift; path = MasteryEngine.swift; sourceTree = "<group>"; };
		A20000008 /* CardGenerator.swift */ = {isa = PBXFileReference; lastKnownFileType = sourcecode.swift; path = CardGenerator.swift; sourceTree = "<group>"; };
		A20000009 /* DomainContent.swift */ = {isa = PBXFileReference; lastKnownFileType = sourcecode.swift; path = DomainContent.swift; sourceTree = "<group>"; };
		A20000010 /* ScenarioContent.swift */ = {isa = PBXFileReference; lastKnownFileType = sourcecode.swift; path = ScenarioContent.swift; sourceTree = "<group>"; };
		A20000011 /* KnowledgeStore.swift */ = {isa = PBXFileReference; lastKnownFileType = sourcecode.swift; path = KnowledgeStore.swift; sourceTree = "<group>"; };
		A20000012 /* NotificationService.swift */ = {isa = PBXFileReference; lastKnownFileType = sourcecode.swift; path = NotificationService.swift; sourceTree = "<group>"; };
		A20000013 /* DashboardView.swift */ = {isa = PBXFileReference; lastKnownFileType = sourcecode.swift; path = DashboardView.swift; sourceTree = "<group>"; };
		A20000014 /* ReviewSessionView.swift */ = {isa = PBXFileReference; lastKnownFileType = sourcecode.swift; path = ReviewSessionView.swift; sourceTree = "<group>"; };
		A20000015 /* DomainListView.swift */ = {isa = PBXFileReference; lastKnownFileType = sourcecode.swift; path = DomainListView.swift; sourceTree = "<group>"; };
		A20000016 /* ModuleDetailView.swift */ = {isa = PBXFileReference; lastKnownFileType = sourcecode.swift; path = ModuleDetailView.swift; sourceTree = "<group>"; };
		A20000017 /* ScenarioView.swift */ = {isa = PBXFileReference; lastKnownFileType = sourcecode.swift; path = ScenarioView.swift; sourceTree = "<group>"; };
		A20000018 /* SettingsView.swift */ = {isa = PBXFileReference; lastKnownFileType = sourcecode.swift; path = SettingsView.swift; sourceTree = "<group>"; };
		A30000001 /* MountainGuide.app */ = {isa = PBXFileReference; explicitFileType = wrapper.application; includeInIndex = 0; path = MountainGuide.app; sourceTree = BUILT_PRODUCTS_DIR; };
		B20000001 /* LessonContent.swift */ = {isa = PBXFileReference; lastKnownFileType = sourcecode.swift; path = LessonContent.swift; sourceTree = "<group>"; };
		B20000002 /* PracticeQuestion.swift */ = {isa = PBXFileReference; lastKnownFileType = sourcecode.swift; path = PracticeQuestion.swift; sourceTree = "<group>"; };
		B20000003 /* GamificationState.swift */ = {isa = PBXFileReference; lastKnownFileType = sourcecode.swift; path = GamificationState.swift; sourceTree = "<group>"; };
		B20000004 /* GamificationEngine.swift */ = {isa = PBXFileReference; lastKnownFileType = sourcecode.swift; path = GamificationEngine.swift; sourceTree = "<group>"; };
		B20000005 /* WeatherLessons.swift */ = {isa = PBXFileReference; lastKnownFileType = sourcecode.swift; path = WeatherLessons.swift; sourceTree = "<group>"; };
		B20000006 /* AvalancheLessons.swift */ = {isa = PBXFileReference; lastKnownFileType = sourcecode.swift; path = AvalancheLessons.swift; sourceTree = "<group>"; };
		B20000007 /* FlyingLessons.swift */ = {isa = PBXFileReference; lastKnownFileType = sourcecode.swift; path = FlyingLessons.swift; sourceTree = "<group>"; };
		B20000008 /* LessonContentData.swift */ = {isa = PBXFileReference; lastKnownFileType = sourcecode.swift; path = LessonContentData.swift; sourceTree = "<group>"; };
		B20000009 /* LayeredStackDiagram.swift */ = {isa = PBXFileReference; lastKnownFileType = sourcecode.swift; path = LayeredStackDiagram.swift; sourceTree = "<group>"; };
		B20000010 /* CrossSectionDiagram.swift */ = {isa = PBXFileReference; lastKnownFileType = sourcecode.swift; path = CrossSectionDiagram.swift; sourceTree = "<group>"; };
		B20000011 /* InteractiveGaugeDiagram.swift */ = {isa = PBXFileReference; lastKnownFileType = sourcecode.swift; path = InteractiveGaugeDiagram.swift; sourceTree = "<group>"; };
		B20000012 /* ComparisonSplitDiagram.swift */ = {isa = PBXFileReference; lastKnownFileType = sourcecode.swift; path = ComparisonSplitDiagram.swift; sourceTree = "<group>"; };
		B20000013 /* ForceArrowDiagram.swift */ = {isa = PBXFileReference; lastKnownFileType = sourcecode.swift; path = ForceArrowDiagram.swift; sourceTree = "<group>"; };
		B20000014 /* TriangleDiagram.swift */ = {isa = PBXFileReference; lastKnownFileType = sourcecode.swift; path = TriangleDiagram.swift; sourceTree = "<group>"; };
		B20000015 /* TimelineDiagram.swift */ = {isa = PBXFileReference; lastKnownFileType = sourcecode.swift; path = TimelineDiagram.swift; sourceTree = "<group>"; };
		B20000016 /* LabeledSceneDiagram.swift */ = {isa = PBXFileReference; lastKnownFileType = sourcecode.swift; path = LabeledSceneDiagram.swift; sourceTree = "<group>"; };
		B20000017 /* DiagramFactory.swift */ = {isa = PBXFileReference; lastKnownFileType = sourcecode.swift; path = DiagramFactory.swift; sourceTree = "<group>"; };
		B20000018 /* MCQView.swift */ = {isa = PBXFileReference; lastKnownFileType = sourcecode.swift; path = MCQView.swift; sourceTree = "<group>"; };
		B20000019 /* SequenceOrderView.swift */ = {isa = PBXFileReference; lastKnownFileType = sourcecode.swift; path = SequenceOrderView.swift; sourceTree = "<group>"; };
		B20000020 /* LabelDiagramView.swift */ = {isa = PBXFileReference; lastKnownFileType = sourcecode.swift; path = LabelDiagramView.swift; sourceTree = "<group>"; };
		B20000021 /* TrueFalseView.swift */ = {isa = PBXFileReference; lastKnownFileType = sourcecode.swift; path = TrueFalseView.swift; sourceTree = "<group>"; };
		B20000022 /* CalculationView.swift */ = {isa = PBXFileReference; lastKnownFileType = sourcecode.swift; path = CalculationView.swift; sourceTree = "<group>"; };
		B20000023 /* HotspotView.swift */ = {isa = PBXFileReference; lastKnownFileType = sourcecode.swift; path = HotspotView.swift; sourceTree = "<group>"; };
		B20000024 /* MatchPairsView.swift */ = {isa = PBXFileReference; lastKnownFileType = sourcecode.swift; path = MatchPairsView.swift; sourceTree = "<group>"; };
		B20000025 /* PracticeQuestionFactory.swift */ = {isa = PBXFileReference; lastKnownFileType = sourcecode.swift; path = PracticeQuestionFactory.swift; sourceTree = "<group>"; };
		B20000026 /* ProgressDotsView.swift */ = {isa = PBXFileReference; lastKnownFileType = sourcecode.swift; path = ProgressDotsView.swift; sourceTree = "<group>"; };
		B20000027 /* XPAnimationView.swift */ = {isa = PBXFileReference; lastKnownFileType = sourcecode.swift; path = XPAnimationView.swift; sourceTree = "<group>"; };
		B20000028 /* MedalView.swift */ = {isa = PBXFileReference; lastKnownFileType = sourcecode.swift; path = MedalView.swift; sourceTree = "<group>"; };
		B20000029 /* AnimatedCounterView.swift */ = {isa = PBXFileReference; lastKnownFileType = sourcecode.swift; path = AnimatedCounterView.swift; sourceTree = "<group>"; };
		B20000030 /* ConceptMapView.swift */ = {isa = PBXFileReference; lastKnownFileType = sourcecode.swift; path = ConceptMapView.swift; sourceTree = "<group>"; };
		B20000031 /* LessonTeachingPhase.swift */ = {isa = PBXFileReference; lastKnownFileType = sourcecode.swift; path = LessonTeachingPhase.swift; sourceTree = "<group>"; };
		B20000032 /* LessonPracticePhase.swift */ = {isa = PBXFileReference; lastKnownFileType = sourcecode.swift; path = LessonPracticePhase.swift; sourceTree = "<group>"; };
		B20000033 /* LessonSynthesisPhase.swift */ = {isa = PBXFileReference; lastKnownFileType = sourcecode.swift; path = LessonSynthesisPhase.swift; sourceTree = "<group>"; };
		B20000034 /* LessonResultsPhase.swift */ = {isa = PBXFileReference; lastKnownFileType = sourcecode.swift; path = LessonResultsPhase.swift; sourceTree = "<group>"; };
		B20000035 /* LessonView.swift */ = {isa = PBXFileReference; lastKnownFileType = sourcecode.swift; path = LessonView.swift; sourceTree = "<group>"; };
		C20000001 /* CloudShapes.swift */ = {isa = PBXFileReference; lastKnownFileType = sourcecode.swift; path = CloudShapes.swift; sourceTree = "<group>"; };
		C20000002 /* SceneRenderer.swift */ = {isa = PBXFileReference; lastKnownFileType = sourcecode.swift; path = SceneRenderer.swift; sourceTree = "<group>"; };
		C20000003 /* DefaultScene.swift */ = {isa = PBXFileReference; lastKnownFileType = sourcecode.swift; path = DefaultScene.swift; sourceTree = "<group>"; };
		C20000004 /* CumulusScene.swift */ = {isa = PBXFileReference; lastKnownFileType = sourcecode.swift; path = CumulusScene.swift; sourceTree = "<group>"; };
		C20000005 /* LenticularScene.swift */ = {isa = PBXFileReference; lastKnownFileType = sourcecode.swift; path = LenticularScene.swift; sourceTree = "<group>"; };
		C20000006 /* CumulonimbusScene.swift */ = {isa = PBXFileReference; lastKnownFileType = sourcecode.swift; path = CumulonimbusScene.swift; sourceTree = "<group>"; };
		C20000007 /* CloudStreetScene.swift */ = {isa = PBXFileReference; lastKnownFileType = sourcecode.swift; path = CloudStreetScene.swift; sourceTree = "<group>"; };
		C20000008 /* DyingVsBuildingScene.swift */ = {isa = PBXFileReference; lastKnownFileType = sourcecode.swift; path = DyingVsBuildingScene.swift; sourceTree = "<group>"; };
		C20000009 /* MountainCloudOverviewScene.swift */ = {isa = PBXFileReference; lastKnownFileType = sourcecode.swift; path = MountainCloudOverviewScene.swift; sourceTree = "<group>"; };
		C20000010 /* SurfaceTypesScene.swift */ = {isa = PBXFileReference; lastKnownFileType = sourcecode.swift; path = SurfaceTypesScene.swift; sourceTree = "<group>"; };
		C20000011 /* TerrainTrapCrossSectionScene.swift */ = {isa = PBXFileReference; lastKnownFileType = sourcecode.swift; path = TerrainTrapCrossSectionScene.swift; sourceTree = "<group>"; };
		C20000012 /* GullyComparisonScene.swift */ = {isa = PBXFileReference; lastKnownFileType = sourcecode.swift; path = GullyComparisonScene.swift; sourceTree = "<group>"; };
		C20000013 /* CliffBandScene.swift */ = {isa = PBXFileReference; lastKnownFileType = sourcecode.swift; path = CliffBandScene.swift; sourceTree = "<group>"; };
		C20000014 /* ForestTerrainScene.swift */ = {isa = PBXFileReference; lastKnownFileType = sourcecode.swift; path = ForestTerrainScene.swift; sourceTree = "<group>"; };
		C20000015 /* MapContourScene.swift */ = {isa = PBXFileReference; lastKnownFileType = sourcecode.swift; path = MapContourScene.swift; sourceTree = "<group>"; };
		C20000016 /* KnotDiagramScene.swift */ = {isa = PBXFileReference; lastKnownFileType = sourcecode.swift; path = KnotDiagramScene.swift; sourceTree = "<group>"; };
		C20000017 /* GlacierSurfaceScene.swift */ = {isa = PBXFileReference; lastKnownFileType = sourcecode.swift; path = GlacierSurfaceScene.swift; sourceTree = "<group>"; };
		C20000018 /* BodyAssessmentScene.swift */ = {isa = PBXFileReference; lastKnownFileType = sourcecode.swift; path = BodyAssessmentScene.swift; sourceTree = "<group>"; };
		C20000019 /* RopeTeamScene.swift */ = {isa = PBXFileReference; lastKnownFileType = sourcecode.swift; path = RopeTeamScene.swift; sourceTree = "<group>"; };
		C20000020 /* AnchorSystemScene.swift */ = {isa = PBXFileReference; lastKnownFileType = sourcecode.swift; path = AnchorSystemScene.swift; sourceTree = "<group>"; };
		D20000001 /* ExploreContent.swift */ = {isa = PBXFileReference; lastKnownFileType = sourcecode.swift; path = ExploreContent.swift; sourceTree = "<group>"; };
		D20000002 /* ExploreView.swift */ = {isa = PBXFileReference; lastKnownFileType = sourcecode.swift; path = ExploreView.swift; sourceTree = "<group>"; };
		D20000003 /* ExploreArticleView.swift */ = {isa = PBXFileReference; lastKnownFileType = sourcecode.swift; path = ExploreArticleView.swift; sourceTree = "<group>"; };
		D20000004 /* ExploreContentData.swift */ = {isa = PBXFileReference; lastKnownFileType = sourcecode.swift; path = ExploreContentData.swift; sourceTree = "<group>"; };
		D20000005 /* WeatherExplore.swift */ = {isa = PBXFileReference; lastKnownFileType = sourcecode.swift; path = WeatherExplore.swift; sourceTree = "<group>"; };
		D20000006 /* AvalancheExplore.swift */ = {isa = PBXFileReference; lastKnownFileType = sourcecode.swift; path = AvalancheExplore.swift; sourceTree = "<group>"; };
		D20000007 /* FlyingExplore.swift */ = {isa = PBXFileReference; lastKnownFileType = sourcecode.swift; path = FlyingExplore.swift; sourceTree = "<group>"; };
		D20000008 /* NavigationExplore.swift */ = {isa = PBXFileReference; lastKnownFileType = sourcecode.swift; path = NavigationExplore.swift; sourceTree = "<group>"; };
		D20000009 /* RopeSystemsExplore.swift */ = {isa = PBXFileReference; lastKnownFileType = sourcecode.swift; path = RopeSystemsExplore.swift; sourceTree = "<group>"; };
		D20000010 /* GlacierTravelExplore.swift */ = {isa = PBXFileReference; lastKnownFileType = sourcecode.swift; path = GlacierTravelExplore.swift; sourceTree = "<group>"; };
		D20000011 /* FirstAidExplore.swift */ = {isa = PBXFileReference; lastKnownFileType = sourcecode.swift; path = FirstAidExplore.swift; sourceTree = "<group>"; };
		E20000001 /* NavigationLessons.swift */ = {isa = PBXFileReference; lastKnownFileType = sourcecode.swift; path = NavigationLessons.swift; sourceTree = "<group>"; };
		E20000002 /* RopeSystemsLessons.swift */ = {isa = PBXFileReference; lastKnownFileType = sourcecode.swift; path = RopeSystemsLessons.swift; sourceTree = "<group>"; };
		E20000003 /* GlacierTravelLessons.swift */ = {isa = PBXFileReference; lastKnownFileType = sourcecode.swift; path = GlacierTravelLessons.swift; sourceTree = "<group>"; };
		E20000004 /* FirstAidLessons.swift */ = {isa = PBXFileReference; lastKnownFileType = sourcecode.swift; path = FirstAidLessons.swift; sourceTree = "<group>"; };
		F20000001 /* SwissTopoMapView.swift */ = {isa = PBXFileReference; lastKnownFileType = sourcecode.swift; path = SwissTopoMapView.swift; sourceTree = "<group>"; };
		F20000002 /* PhotoPlaceholder.swift */ = {isa = PBXFileReference; lastKnownFileType = sourcecode.swift; path = PhotoPlaceholder.swift; sourceTree = "<group>"; };
		F20000003 /* Assets.xcassets */ = {isa = PBXFileReference; lastKnownFileType = folder.assetcatalog; path = Assets.xcassets; sourceTree = "<group>"; };
		G20000001 /* LottieAnimationView.swift */ = {isa = PBXFileReference; lastKnownFileType = sourcecode.swift; path = LottieAnimationView.swift; sourceTree = "<group>"; };
		G20000002 /* Animations */ = {isa = PBXFileReference; lastKnownFileType = folder; path = Animations; sourceTree = "<group>"; };
		H20000001 /* RiveAnimationView.swift */ = {isa = PBXFileReference; lastKnownFileType = sourcecode.swift; path = RiveAnimationView.swift; sourceTree = "<group>"; };
		H20000003 /* IllustrationView.swift */ = {isa = PBXFileReference; lastKnownFileType = sourcecode.swift; path = IllustrationView.swift; sourceTree = "<group>"; };
		H20000004 /* IllustrationRegistry.swift */ = {isa = PBXFileReference; lastKnownFileType = sourcecode.swift; path = IllustrationRegistry.swift; sourceTree = "<group>"; };
		H20000005 /* SkyPrimitives.swift */ = {isa = PBXFileReference; lastKnownFileType = sourcecode.swift; path = SkyPrimitives.swift; sourceTree = "<group>"; };
		H20000006 /* TerrainPrimitives.swift */ = {isa = PBXFileReference; lastKnownFileType = sourcecode.swift; path = TerrainPrimitives.swift; sourceTree = "<group>"; };
		H20000007 /* SnowPrimitives.swift */ = {isa = PBXFileReference; lastKnownFileType = sourcecode.swift; path = SnowPrimitives.swift; sourceTree = "<group>"; };
		H20000008 /* WeatherPrimitives.swift */ = {isa = PBXFileReference; lastKnownFileType = sourcecode.swift; path = WeatherPrimitives.swift; sourceTree = "<group>"; };
		H20000009 /* VegetationPrimitives.swift */ = {isa = PBXFileReference; lastKnownFileType = sourcecode.swift; path = VegetationPrimitives.swift; sourceTree = "<group>"; };
		H20000010 /* EquipmentPrimitives.swift */ = {isa = PBXFileReference; lastKnownFileType = sourcecode.swift; path = EquipmentPrimitives.swift; sourceTree = "<group>"; };
		H20000011 /* HumanPrimitives.swift */ = {isa = PBXFileReference; lastKnownFileType = sourcecode.swift; path = HumanPrimitives.swift; sourceTree = "<group>"; };
		H20000012 /* PatternPrimitives.swift */ = {isa = PBXFileReference; lastKnownFileType = sourcecode.swift; path = PatternPrimitives.swift; sourceTree = "<group>"; };
		H20000013 /* WeatherIllustrations.swift */ = {isa = PBXFileReference; lastKnownFileType = sourcecode.swift; path = WeatherIllustrations.swift; sourceTree = "<group>"; };
		H20000014 /* AvalancheIllustrations.swift */ = {isa = PBXFileReference; lastKnownFileType = sourcecode.swift; path = AvalancheIllustrations.swift; sourceTree = "<group>"; };
		H20000015 /* FlyingIllustrations.swift */ = {isa = PBXFileReference; lastKnownFileType = sourcecode.swift; path = FlyingIllustrations.swift; sourceTree = "<group>"; };
		H20000016 /* NavigationIllustrations.swift */ = {isa = PBXFileReference; lastKnownFileType = sourcecode.swift; path = NavigationIllustrations.swift; sourceTree = "<group>"; };
		H20000017 /* RopeSystemsIllustrations.swift */ = {isa = PBXFileReference; lastKnownFileType = sourcecode.swift; path = RopeSystemsIllustrations.swift; sourceTree = "<group>"; };
		H20000018 /* GlacierIllustrations.swift */ = {isa = PBXFileReference; lastKnownFileType = sourcecode.swift; path = GlacierIllustrations.swift; sourceTree = "<group>"; };
		H20000019 /* FirstAidIllustrations.swift */ = {isa = PBXFileReference; lastKnownFileType = sourcecode.swift; path = FirstAidIllustrations.swift; sourceTree = "<group>"; };
		I20000001 /* WeatherData.swift */ = {isa = PBXFileReference; lastKnownFileType = sourcecode.swift; path = WeatherData.swift; sourceTree = "<group>"; };
		I20000002 /* WeatherService.swift */ = {isa = PBXFileReference; lastKnownFileType = sourcecode.swift; path = WeatherService.swift; sourceTree = "<group>"; };
		I20000003 /* FieldView.swift */ = {isa = PBXFileReference; lastKnownFileType = sourcecode.swift; path = FieldView.swift; sourceTree = "<group>"; };
		I20000004 /* InclinometerView.swift */ = {isa = PBXFileReference; lastKnownFileType = sourcecode.swift; path = InclinometerView.swift; sourceTree = "<group>"; };
		I20000005 /* CompassView.swift */ = {isa = PBXFileReference; lastKnownFileType = sourcecode.swift; path = CompassView.swift; sourceTree = "<group>"; };
		I20000006 /* AltimeterView.swift */ = {isa = PBXFileReference; lastKnownFileType = sourcecode.swift; path = AltimeterView.swift; sourceTree = "<group>"; };
		I20000007 /* ReductionMethodView.swift */ = {isa = PBXFileReference; lastKnownFileType = sourcecode.swift; path = ReductionMethodView.swift; sourceTree = "<group>"; };
		I20000008 /* ConditionsView.swift */ = {isa = PBXFileReference; lastKnownFileType = sourcecode.swift; path = ConditionsView.swift; sourceTree = "<group>"; };
		I20000009 /* InstrumentCard.swift */ = {isa = PBXFileReference; lastKnownFileType = sourcecode.swift; path = InstrumentCard.swift; sourceTree = "<group>"; };
		J20000001 /* BulletinData.swift */ = {isa = PBXFileReference; lastKnownFileType = sourcecode.swift; path = BulletinData.swift; sourceTree = "<group>"; };
		J20000002 /* TourData.swift */ = {isa = PBXFileReference; lastKnownFileType = sourcecode.swift; path = TourData.swift; sourceTree = "<group>"; };
		J20000003 /* BulletinService.swift */ = {isa = PBXFileReference; lastKnownFileType = sourcecode.swift; path = BulletinService.swift; sourceTree = "<group>"; };
		J20000004 /* TourStore.swift */ = {isa = PBXFileReference; lastKnownFileType = sourcecode.swift; path = TourStore.swift; sourceTree = "<group>"; };
		J20000005 /* BulletinView.swift */ = {isa = PBXFileReference; lastKnownFileType = sourcecode.swift; path = BulletinView.swift; sourceTree = "<group>"; };
		J20000006 /* BulletinCardViews.swift */ = {isa = PBXFileReference; lastKnownFileType = sourcecode.swift; path = BulletinCardViews.swift; sourceTree = "<group>"; };
		J20000007 /* TourPlannerView.swift */ = {isa = PBXFileReference; lastKnownFileType = sourcecode.swift; path = TourPlannerView.swift; sourceTree = "<group>"; };
		J20000008 /* TourMapView.swift */ = {isa = PBXFileReference; lastKnownFileType = sourcecode.swift; path = TourMapView.swift; sourceTree = "<group>"; };
		J20000009 /* TourListView.swift */ = {isa = PBXFileReference; lastKnownFileType = sourcecode.swift; path = TourListView.swift; sourceTree = "<group>"; };
		J20000010 /* RiskAssessmentView.swift */ = {isa = PBXFileReference; lastKnownFileType = sourcecode.swift; path = RiskAssessmentView.swift; sourceTree = "<group>"; };
		K20000001 /* Activity.swift */ = {isa = PBXFileReference; lastKnownFileType = sourcecode.swift; path = Activity.swift; sourceTree = "<group>"; };
		K20000002 /* ActivityStore.swift */ = {isa = PBXFileReference; lastKnownFileType = sourcecode.swift; path = ActivityStore.swift; sourceTree = "<group>"; };
		K20000003 /* LearnView.swift */ = {isa = PBXFileReference; lastKnownFileType = sourcecode.swift; path = LearnView.swift; sourceTree = "<group>"; };
		K20000004 /* MapTabView.swift */ = {isa = PBXFileReference; lastKnownFileType = sourcecode.swift; path = MapTabView.swift; sourceTree = "<group>"; };
		K20000005 /* ProfileView.swift */ = {isa = PBXFileReference; lastKnownFileType = sourcecode.swift; path = ProfileView.swift; sourceTree = "<group>"; };
		K20000006 /* ActivitySelectorBar.swift */ = {isa = PBXFileReference; lastKnownFileType = sourcecode.swift; path = ActivitySelectorBar.swift; sourceTree = "<group>"; };
		L20000001 /* AirspaceData.swift */ = {isa = PBXFileReference; lastKnownFileType = sourcecode.swift; path = AirspaceData.swift; sourceTree = "<group>"; };
		L20000002 /* ThermalForecast.swift */ = {isa = PBXFileReference; lastKnownFileType = sourcecode.swift; path = ThermalForecast.swift; sourceTree = "<group>"; };
		L20000003 /* ActivityLog.swift */ = {isa = PBXFileReference; lastKnownFileType = sourcecode.swift; path = ActivityLog.swift; sourceTree = "<group>"; };
		L20000004 /* AirspaceService.swift */ = {isa = PBXFileReference; lastKnownFileType = sourcecode.swift; path = AirspaceService.swift; sourceTree = "<group>"; };
		L20000005 /* FlightLogger.swift */ = {isa = PBXFileReference; lastKnownFileType = sourcecode.swift; path = FlightLogger.swift; sourceTree = "<group>"; };
		L20000006 /* ActivityLogStore.swift */ = {isa = PBXFileReference; lastKnownFileType = sourcecode.swift; path = ActivityLogStore.swift; sourceTree = "<group>"; };
		L20000007 /* ActivityMapView.swift */ = {isa = PBXFileReference; lastKnownFileType = sourcecode.swift; path = ActivityMapView.swift; sourceTree = "<group>"; };
		L20000008 /* AirspaceOverlay.swift */ = {isa = PBXFileReference; lastKnownFileType = sourcecode.swift; path = AirspaceOverlay.swift; sourceTree = "<group>"; };
		L20000009 /* PreFlightView.swift */ = {isa = PBXFileReference; lastKnownFileType = sourcecode.swift; path = PreFlightView.swift; sourceTree = "<group>"; };
		L20000010 /* FlightLogView.swift */ = {isa = PBXFileReference; lastKnownFileType = sourcecode.swift; path = FlightLogView.swift; sourceTree = "<group>"; };
		M20000001 /* ActivitySource.swift */ = {isa = PBXFileReference; lastKnownFileType = sourcecode.swift; path = ActivitySource.swift; sourceTree = "<group>"; };
		M20000002 /* PostTripReview.swift */ = {isa = PBXFileReference; lastKnownFileType = sourcecode.swift; path = PostTripReview.swift; sourceTree = "<group>"; };
		M20000003 /* MergedActivity.swift */ = {isa = PBXFileReference; lastKnownFileType = sourcecode.swift; path = MergedActivity.swift; sourceTree = "<group>"; };
		M20000004 /* ActivityFileStore.swift */ = {isa = PBXFileReference; lastKnownFileType = sourcecode.swift; path = ActivityFileStore.swift; sourceTree = "<group>"; };
		N20000001 /* HealthKitService.swift */ = {isa = PBXFileReference; lastKnownFileType = sourcecode.swift; path = HealthKitService.swift; sourceTree = "<group>"; };
		N20000002 /* HealthKitConnectionView.swift */ = {isa = PBXFileReference; lastKnownFileType = sourcecode.swift; path = HealthKitConnectionView.swift; sourceTree = "<group>"; };
		N20000003 /* ImportProgressView.swift */ = {isa = PBXFileReference; lastKnownFileType = sourcecode.swift; path = ImportProgressView.swift; sourceTree = "<group>"; };
		O20000001 /* XContestService.swift */ = {isa = PBXFileReference; lastKnownFileType = sourcecode.swift; path = XContestService.swift; sourceTree = "<group>"; };
		O20000002 /* IGCParser.swift */ = {isa = PBXFileReference; lastKnownFileType = sourcecode.swift; path = IGCParser.swift; sourceTree = "<group>"; };
		O20000003 /* IGCImporter.swift */ = {isa = PBXFileReference; lastKnownFileType = sourcecode.swift; path = IGCImporter.swift; sourceTree = "<group>"; };
		O20000004 /* MergeEngine.swift */ = {isa = PBXFileReference; lastKnownFileType = sourcecode.swift; path = MergeEngine.swift; sourceTree = "<group>"; };
		O20000005 /* MergeSuggestionCard.swift */ = {isa = PBXFileReference; lastKnownFileType = sourcecode.swift; path = MergeSuggestionCard.swift; sourceTree = "<group>"; };
		O20000006 /* XContestConnectionView.swift */ = {isa = PBXFileReference; lastKnownFileType = sourcecode.swift; path = XContestConnectionView.swift; sourceTree = "<group>"; };
		P20000001 /* HazardContent.swift */ = {isa = PBXFileReference; lastKnownFileType = sourcecode.swift; path = HazardContent.swift; sourceTree = "<group>"; };
		P20000002 /* PostTripReviewView.swift */ = {isa = PBXFileReference; lastKnownFileType = sourcecode.swift; path = PostTripReviewView.swift; sourceTree = "<group>"; };
		P20000003 /* ReviewStepViews.swift */ = {isa = PBXFileReference; lastKnownFileType = sourcecode.swift; path = ReviewStepViews.swift; sourceTree = "<group>"; };
		P20000004 /* LogbookView.swift */ = {isa = PBXFileReference; lastKnownFileType = sourcecode.swift; path = LogbookView.swift; sourceTree = "<group>"; };
		P20000005 /* ActivityDetailView.swift */ = {isa = PBXFileReference; lastKnownFileType = sourcecode.swift; path = ActivityDetailView.swift; sourceTree = "<group>"; };
		P20000006 /* StatsView.swift */ = {isa = PBXFileReference; lastKnownFileType = sourcecode.swift; path = StatsView.swift; sourceTree = "<group>"; };
		Q20000001 /* HomeView.swift */ = {isa = PBXFileReference; lastKnownFileType = sourcecode.swift; path = HomeView.swift; sourceTree = "<group>"; };
		R20000001 /* LaunchSiteData.swift */ = {isa = PBXFileReference; lastKnownFileType = sourcecode.swift; path = LaunchSiteData.swift; sourceTree = "<group>"; };
		R20000002 /* ParaglidingEarthService.swift */ = {isa = PBXFileReference; lastKnownFileType = sourcecode.swift; path = ParaglidingEarthService.swift; sourceTree = "<group>"; };
		S20000001 /* DangerRegionOverlay.swift */ = {isa = PBXFileReference; lastKnownFileType = sourcecode.swift; path = DangerRegionOverlay.swift; sourceTree = "<group>"; };
		T20000001 /* LocationService.swift */ = {isa = PBXFileReference; lastKnownFileType = sourcecode.swift; path = LocationService.swift; sourceTree = "<group>"; };
/* End PBXFileReference section */

/* Begin PBXFrameworksBuildPhase section */
		A40000001 /* Frameworks */ = {
			isa = PBXFrameworksBuildPhase;
			buildActionMask = 2147483647;
			files = (
				G10000002 /* Lottie in Frameworks */,
				H10000002 /* RiveRuntime in Frameworks */,
			);
			runOnlyForDeploymentPostprocessing = 0;
		};
/* End PBXFrameworksBuildPhase section */

/* Begin PBXGroup section */
		A50000001 = {
			isa = PBXGroup;
			children = (
				A50000002 /* MountainGuide */,
				A50000010 /* Products */,
			);
			sourceTree = "<group>";
		};
		A50000002 /* MountainGuide */ = {
			isa = PBXGroup;
			children = (
				A20000001 /* MountainGuideApp.swift */,
				A20000002 /* Theme.swift */,
				F20000003 /* Assets.xcassets */,
				G20000002 /* Animations */,
				A50000003 /* Models */,
				A50000004 /* Engine */,
				A50000005 /* Content */,
				A50000006 /* Views */,
				A50000009 /* Services */,
			);
			path = MountainGuide;
			sourceTree = "<group>";
		};
		A50000003 /* Models */ = {
			isa = PBXGroup;
			children = (
				A20000003 /* SRSCard.swift */,
				A20000004 /* Domain.swift */,
				A20000005 /* Scenario.swift */,
				B20000001 /* LessonContent.swift */,
				B20000002 /* PracticeQuestion.swift */,
				B20000003 /* GamificationState.swift */,
				D20000001 /* ExploreContent.swift */,
				I20000001 /* WeatherData.swift */,
				J20000001 /* BulletinData.swift */,
				J20000002 /* TourData.swift */,
				K20000001 /* Activity.swift */,
				L20000001 /* AirspaceData.swift */,
				L20000002 /* ThermalForecast.swift */,
				L20000003 /* ActivityLog.swift */,
				M20000001 /* ActivitySource.swift */,
				M20000002 /* PostTripReview.swift */,
				M20000003 /* MergedActivity.swift */,
				R20000001 /* LaunchSiteData.swift */,
			);
			path = Models;
			sourceTree = "<group>";
		};
		A50000004 /* Engine */ = {
			isa = PBXGroup;
			children = (
				A20000006 /* SRSEngine.swift */,
				A20000007 /* MasteryEngine.swift */,
				A20000008 /* CardGenerator.swift */,
				B20000004 /* GamificationEngine.swift */,
				O20000004 /* MergeEngine.swift */,
			);
			path = Engine;
			sourceTree = "<group>";
		};
		A50000005 /* Content */ = {
			isa = PBXGroup;
			children = (
				A20000009 /* DomainContent.swift */,
				A20000010 /* ScenarioContent.swift */,
				B20000005 /* WeatherLessons.swift */,
				B20000006 /* AvalancheLessons.swift */,
				B20000007 /* FlyingLessons.swift */,
				E20000001 /* NavigationLessons.swift */,
				E20000002 /* RopeSystemsLessons.swift */,
				E20000003 /* GlacierTravelLessons.swift */,
				E20000004 /* FirstAidLessons.swift */,
				B20000008 /* LessonContentData.swift */,
				P20000001 /* HazardContent.swift */,
				C50000001 /* Explore */,
			);
			path = Content;
			sourceTree = "<group>";
		};
		A50000006 /* Views */ = {
			isa = PBXGroup;
			children = (
				Q50000001 /* Home */,
				K50000001 /* Map */,
				A50000008 /* Learn */,
				I50000001 /* Field */,
				K50000002 /* Profile */,
				L50000001 /* Activity */,
				A50000007 /* Dashboard */,
				A50000011 /* Review */,
				D50000001 /* Explore */,
				A50000012 /* Settings */,
				B50000001 /* Diagrams */,
				B50000002 /* Practice */,
				B50000003 /* Components */,
				H50000001 /* Illustrations */,
			);
			path = Views;
			sourceTree = "<group>";
		};
		A50000007 /* Dashboard */ = {
			isa = PBXGroup;
			children = (
				A20000013 /* DashboardView.swift */,
			);
			path = Dashboard;
			sourceTree = "<group>";
		};
		A50000008 /* Learn */ = {
			isa = PBXGroup;
			children = (
				K20000003 /* LearnView.swift */,
				A20000015 /* DomainListView.swift */,
				A20000016 /* ModuleDetailView.swift */,
				A20000017 /* ScenarioView.swift */,
				B20000031 /* LessonTeachingPhase.swift */,
				B20000032 /* LessonPracticePhase.swift */,
				B20000033 /* LessonSynthesisPhase.swift */,
				B20000034 /* LessonResultsPhase.swift */,
				B20000035 /* LessonView.swift */,
			);
			path = Learn;
			sourceTree = "<group>";
		};
		A50000009 /* Services */ = {
			isa = PBXGroup;
			children = (
				A20000011 /* KnowledgeStore.swift */,
				A20000012 /* NotificationService.swift */,
				I20000002 /* WeatherService.swift */,
				J20000003 /* BulletinService.swift */,
				J20000004 /* TourStore.swift */,
				K20000002 /* ActivityStore.swift */,
				L20000004 /* AirspaceService.swift */,
				L20000005 /* FlightLogger.swift */,
				L20000006 /* ActivityLogStore.swift */,
				M20000004 /* ActivityFileStore.swift */,
				N20000001 /* HealthKitService.swift */,
				O20000001 /* XContestService.swift */,
				O20000002 /* IGCParser.swift */,
				O20000003 /* IGCImporter.swift */,
				R20000002 /* ParaglidingEarthService.swift */,
				T20000001 /* LocationService.swift */,
			);
			path = Services;
			sourceTree = "<group>";
		};
		A50000010 /* Products */ = {
			isa = PBXGroup;
			children = (
				A30000001 /* MountainGuide.app */,
			);
			name = Products;
			sourceTree = "<group>";
		};
		A50000011 /* Review */ = {
			isa = PBXGroup;
			children = (
				A20000014 /* ReviewSessionView.swift */,
			);
			path = Review;
			sourceTree = "<group>";
		};
		A50000012 /* Settings */ = {
			isa = PBXGroup;
			children = (
				A20000018 /* SettingsView.swift */,
				N20000002 /* HealthKitConnectionView.swift */,
				O20000006 /* XContestConnectionView.swift */,
			);
			path = Settings;
			sourceTree = "<group>";
		};
		B50000001 /* Diagrams */ = {
			isa = PBXGroup;
			children = (
				B20000009 /* LayeredStackDiagram.swift */,
				B20000010 /* CrossSectionDiagram.swift */,
				B20000011 /* InteractiveGaugeDiagram.swift */,
				B20000012 /* ComparisonSplitDiagram.swift */,
				B20000013 /* ForceArrowDiagram.swift */,
				B20000014 /* TriangleDiagram.swift */,
				B20000015 /* TimelineDiagram.swift */,
				B20000016 /* LabeledSceneDiagram.swift */,
				B20000017 /* DiagramFactory.swift */,
				C50000002 /* Scenes */,
			);
			path = Diagrams;
			sourceTree = "<group>";
		};
		B50000002 /* Practice */ = {
			isa = PBXGroup;
			children = (
				B20000018 /* MCQView.swift */,
				B20000019 /* SequenceOrderView.swift */,
				B20000020 /* LabelDiagramView.swift */,
				B20000021 /* TrueFalseView.swift */,
				B20000022 /* CalculationView.swift */,
				B20000023 /* HotspotView.swift */,
				B20000024 /* MatchPairsView.swift */,
				B20000025 /* PracticeQuestionFactory.swift */,
			);
			path = Practice;
			sourceTree = "<group>";
		};
		B50000003 /* Components */ = {
			isa = PBXGroup;
			children = (
				B20000026 /* ProgressDotsView.swift */,
				B20000027 /* XPAnimationView.swift */,
				B20000028 /* MedalView.swift */,
				B20000029 /* AnimatedCounterView.swift */,
				B20000030 /* ConceptMapView.swift */,
				F20000001 /* SwissTopoMapView.swift */,
				F20000002 /* PhotoPlaceholder.swift */,
				G20000001 /* LottieAnimationView.swift */,
				H20000001 /* RiveAnimationView.swift */,
				K20000006 /* ActivitySelectorBar.swift */,
			);
			path = Components;
			sourceTree = "<group>";
		};
		C50000001 /* Explore */ = {
			isa = PBXGroup;
			children = (
				D20000004 /* ExploreContentData.swift */,
				D20000005 /* WeatherExplore.swift */,
				D20000006 /* AvalancheExplore.swift */,
				D20000007 /* FlyingExplore.swift */,
				D20000008 /* NavigationExplore.swift */,
				D20000009 /* RopeSystemsExplore.swift */,
				D20000010 /* GlacierTravelExplore.swift */,
				D20000011 /* FirstAidExplore.swift */,
			);
			path = Explore;
			sourceTree = "<group>";
		};
		C50000002 /* Scenes */ = {
			isa = PBXGroup;
			children = (
				C20000001 /* CloudShapes.swift */,
				C20000002 /* SceneRenderer.swift */,
				C20000003 /* DefaultScene.swift */,
				C20000004 /* CumulusScene.swift */,
				C20000005 /* LenticularScene.swift */,
				C20000006 /* CumulonimbusScene.swift */,
				C20000007 /* CloudStreetScene.swift */,
				C20000008 /* DyingVsBuildingScene.swift */,
				C20000009 /* MountainCloudOverviewScene.swift */,
				C20000010 /* SurfaceTypesScene.swift */,
				C20000011 /* TerrainTrapCrossSectionScene.swift */,
				C20000012 /* GullyComparisonScene.swift */,
				C20000013 /* CliffBandScene.swift */,
				C20000014 /* ForestTerrainScene.swift */,
				C20000015 /* MapContourScene.swift */,
				C20000016 /* KnotDiagramScene.swift */,
				C20000017 /* GlacierSurfaceScene.swift */,
				C20000018 /* BodyAssessmentScene.swift */,
				C20000019 /* RopeTeamScene.swift */,
				C20000020 /* AnchorSystemScene.swift */,
			);
			path = Scenes;
			sourceTree = "<group>";
		};
		D50000001 /* Explore */ = {
			isa = PBXGroup;
			children = (
				D20000002 /* ExploreView.swift */,
				D20000003 /* ExploreArticleView.swift */,
			);
			path = Explore;
			sourceTree = "<group>";
		};
		H50000001 /* Illustrations */ = {
			isa = PBXGroup;
			children = (
				H20000003 /* IllustrationView.swift */,
				H20000004 /* IllustrationRegistry.swift */,
				H50000002 /* Primitives */,
				H50000003 /* Domains */,
			);
			path = Illustrations;
			sourceTree = "<group>";
		};
		H50000002 /* Primitives */ = {
			isa = PBXGroup;
			children = (
				H20000005 /* SkyPrimitives.swift */,
				H20000006 /* TerrainPrimitives.swift */,
				H20000007 /* SnowPrimitives.swift */,
				H20000008 /* WeatherPrimitives.swift */,
				H20000009 /* VegetationPrimitives.swift */,
				H20000010 /* EquipmentPrimitives.swift */,
				H20000011 /* HumanPrimitives.swift */,
				H20000012 /* PatternPrimitives.swift */,
			);
			path = Primitives;
			sourceTree = "<group>";
		};
		H50000003 /* Domains */ = {
			isa = PBXGroup;
			children = (
				H20000013 /* WeatherIllustrations.swift */,
				H20000014 /* AvalancheIllustrations.swift */,
				H20000015 /* FlyingIllustrations.swift */,
				H20000016 /* NavigationIllustrations.swift */,
				H20000017 /* RopeSystemsIllustrations.swift */,
				H20000018 /* GlacierIllustrations.swift */,
				H20000019 /* FirstAidIllustrations.swift */,
			);
			path = Domains;
			sourceTree = "<group>";
		};
		I50000001 /* Field */ = {
			isa = PBXGroup;
			children = (
				I20000003 /* FieldView.swift */,
				I20000004 /* InclinometerView.swift */,
				I20000005 /* CompassView.swift */,
				I20000006 /* AltimeterView.swift */,
				I20000007 /* ReductionMethodView.swift */,
				I20000008 /* ConditionsView.swift */,
				I20000009 /* InstrumentCard.swift */,
				J20000005 /* BulletinView.swift */,
				J20000006 /* BulletinCardViews.swift */,
				J20000007 /* TourPlannerView.swift */,
				J20000008 /* TourMapView.swift */,
				J20000009 /* TourListView.swift */,
				J20000010 /* RiskAssessmentView.swift */,
			);
			path = Field;
			sourceTree = "<group>";
		};
		K50000001 /* Map */ = {
			isa = PBXGroup;
			children = (
				K20000004 /* MapTabView.swift */,
				L20000007 /* ActivityMapView.swift */,
				L20000008 /* AirspaceOverlay.swift */,
				S20000001 /* DangerRegionOverlay.swift */,
			);
			path = Map;
			sourceTree = "<group>";
		};
		K50000002 /* Profile */ = {
			isa = PBXGroup;
			children = (
				K20000005 /* ProfileView.swift */,
				P20000004 /* LogbookView.swift */,
				P20000006 /* StatsView.swift */,
			);
			path = Profile;
			sourceTree = "<group>";
		};
		L50000001 /* Activity */ = {
			isa = PBXGroup;
			children = (
				L20000009 /* PreFlightView.swift */,
				L20000010 /* FlightLogView.swift */,
				N20000003 /* ImportProgressView.swift */,
				O20000005 /* MergeSuggestionCard.swift */,
				P20000002 /* PostTripReviewView.swift */,
				P20000003 /* ReviewStepViews.swift */,
				P20000005 /* ActivityDetailView.swift */,
			);
			path = Activity;
			sourceTree = "<group>";
		};
		Q50000001 /* Home */ = {
			isa = PBXGroup;
			children = (
				Q20000001 /* HomeView.swift */,
			);
			path = Home;
			sourceTree = "<group>";
		};
/* End PBXGroup section */

/* Begin PBXNativeTarget section */
		A60000001 /* MountainGuide */ = {
			isa = PBXNativeTarget;
			buildConfigurationList = A80000003 /* Build configuration list for PBXNativeTarget "MountainGuide" */;
			buildPhases = (
				A70000001 /* Sources */,
				A40000001 /* Frameworks */,
				G50000001 /* Resources */,
			);
			buildRules = (
			);
			dependencies = (
			);
			name = MountainGuide;
			packageProductDependencies = (
				G30000001 /* Lottie */,
				H30000001 /* RiveRuntime */,
			);
			productName = MountainGuide;
			productReference = A30000001 /* MountainGuide.app */;
			productType = "com.apple.product-type.application";
		};
/* End PBXNativeTarget section */

/* Begin PBXProject section */
		A90000001 /* Project object */ = {
			isa = PBXProject;
			attributes = {
				BuildIndependentTargetsInParallel = 1;
				LastSwiftUpdateCheck = 1540;
				LastUpgradeCheck = 1540;
				TargetAttributes = {
					A60000001 = {
						CreatedOnToolsVersion = 15.4;
					};
				};
			};
			buildConfigurationList = A80000001 /* Build configuration list for PBXProject "MountainGuide" */;
			compatibilityVersion = "Xcode 14.0";
			developmentRegion = en;
			hasScannedForEncodings = 0;
			knownRegions = (
				en,
				Base,
			);
			mainGroup = A50000001;
			packageReferences = (
				G40000001 /* XCRemoteSwiftPackageReference "lottie-ios" */,
				H40000001 /* XCRemoteSwiftPackageReference "rive-ios" */,
			);
			productRefGroup = A50000010 /* Products */;
			projectDirPath = "";
			projectRoot = "";
			targets = (
				A60000001 /* MountainGuide */,
			);
		};
/* End PBXProject section */

/* Begin PBXResourcesBuildPhase section */
		G50000001 /* Resources */ = {
			isa = PBXResourcesBuildPhase;
			buildActionMask = 2147483647;
			files = (
				G10000003 /* Animations in Resources */,
				F10000003 /* Assets.xcassets in Resources */,
			);
			runOnlyForDeploymentPostprocessing = 0;
		};
/* End PBXResourcesBuildPhase section */

/* Begin PBXSourcesBuildPhase section */
		A70000001 /* Sources */ = {
			isa = PBXSourcesBuildPhase;
			buildActionMask = 2147483647;
			files = (
				A10000001 /* MountainGuideApp.swift in Sources */,
				A10000002 /* Theme.swift in Sources */,
				A10000003 /* SRSCard.swift in Sources */,
				A10000004 /* Domain.swift in Sources */,
				A10000005 /* Scenario.swift in Sources */,
				A10000006 /* SRSEngine.swift in Sources */,
				A10000007 /* MasteryEngine.swift in Sources */,
				A10000008 /* CardGenerator.swift in Sources */,
				A10000009 /* DomainContent.swift in Sources */,
				A10000010 /* ScenarioContent.swift in Sources */,
				A10000011 /* KnowledgeStore.swift in Sources */,
				A10000012 /* NotificationService.swift in Sources */,
				A10000013 /* DashboardView.swift in Sources */,
				A10000014 /* ReviewSessionView.swift in Sources */,
				A10000015 /* DomainListView.swift in Sources */,
				A10000016 /* ModuleDetailView.swift in Sources */,
				A10000017 /* ScenarioView.swift in Sources */,
				A10000018 /* SettingsView.swift in Sources */,
				B10000001 /* LessonContent.swift in Sources */,
				B10000002 /* PracticeQuestion.swift in Sources */,
				B10000003 /* GamificationState.swift in Sources */,
				B10000004 /* GamificationEngine.swift in Sources */,
				B10000005 /* WeatherLessons.swift in Sources */,
				B10000006 /* AvalancheLessons.swift in Sources */,
				B10000007 /* FlyingLessons.swift in Sources */,
				B10000008 /* LessonContentData.swift in Sources */,
				B10000009 /* LayeredStackDiagram.swift in Sources */,
				B10000010 /* CrossSectionDiagram.swift in Sources */,
				B10000011 /* InteractiveGaugeDiagram.swift in Sources */,
				B10000012 /* ComparisonSplitDiagram.swift in Sources */,
				B10000013 /* ForceArrowDiagram.swift in Sources */,
				B10000014 /* TriangleDiagram.swift in Sources */,
				B10000015 /* TimelineDiagram.swift in Sources */,
				B10000016 /* LabeledSceneDiagram.swift in Sources */,
				B10000017 /* DiagramFactory.swift in Sources */,
				B10000018 /* MCQView.swift in Sources */,
				B10000019 /* SequenceOrderView.swift in Sources */,
				B10000020 /* LabelDiagramView.swift in Sources */,
				B10000021 /* TrueFalseView.swift in Sources */,
				B10000022 /* CalculationView.swift in Sources */,
				B10000023 /* HotspotView.swift in Sources */,
				B10000024 /* MatchPairsView.swift in Sources */,
				B10000025 /* PracticeQuestionFactory.swift in Sources */,
				B10000026 /* ProgressDotsView.swift in Sources */,
				B10000027 /* XPAnimationView.swift in Sources */,
				B10000028 /* MedalView.swift in Sources */,
				B10000029 /* AnimatedCounterView.swift in Sources */,
				B10000030 /* ConceptMapView.swift in Sources */,
				B10000031 /* LessonTeachingPhase.swift in Sources */,
				B10000032 /* LessonPracticePhase.swift in Sources */,
				B10000033 /* LessonSynthesisPhase.swift in Sources */,
				B10000034 /* LessonResultsPhase.swift in Sources */,
				B10000035 /* LessonView.swift in Sources */,
				C10000001 /* CloudShapes.swift in Sources */,
				C10000002 /* SceneRenderer.swift in Sources */,
				C10000003 /* DefaultScene.swift in Sources */,
				C10000004 /* CumulusScene.swift in Sources */,
				C10000005 /* LenticularScene.swift in Sources */,
				C10000006 /* CumulonimbusScene.swift in Sources */,
				C10000007 /* CloudStreetScene.swift in Sources */,
				C10000008 /* DyingVsBuildingScene.swift in Sources */,
				C10000009 /* MountainCloudOverviewScene.swift in Sources */,
				C10000010 /* SurfaceTypesScene.swift in Sources */,
				C10000011 /* TerrainTrapCrossSectionScene.swift in Sources */,
				C10000012 /* GullyComparisonScene.swift in Sources */,
				C10000013 /* CliffBandScene.swift in Sources */,
				C10000014 /* ForestTerrainScene.swift in Sources */,
				C10000015 /* MapContourScene.swift in Sources */,
				C10000016 /* KnotDiagramScene.swift in Sources */,
				C10000017 /* GlacierSurfaceScene.swift in Sources */,
				C10000018 /* BodyAssessmentScene.swift in Sources */,
				C10000019 /* RopeTeamScene.swift in Sources */,
				C10000020 /* AnchorSystemScene.swift in Sources */,
				D10000001 /* ExploreContent.swift in Sources */,
				D10000002 /* ExploreView.swift in Sources */,
				D10000003 /* ExploreArticleView.swift in Sources */,
				D10000004 /* ExploreContentData.swift in Sources */,
				D10000005 /* WeatherExplore.swift in Sources */,
				D10000006 /* AvalancheExplore.swift in Sources */,
				D10000007 /* FlyingExplore.swift in Sources */,
				D10000008 /* NavigationExplore.swift in Sources */,
				D10000009 /* RopeSystemsExplore.swift in Sources */,
				D10000010 /* GlacierTravelExplore.swift in Sources */,
				D10000011 /* FirstAidExplore.swift in Sources */,
				E10000001 /* NavigationLessons.swift in Sources */,
				E10000002 /* RopeSystemsLessons.swift in Sources */,
				E10000003 /* GlacierTravelLessons.swift in Sources */,
				E10000004 /* FirstAidLessons.swift in Sources */,
				F10000001 /* SwissTopoMapView.swift in Sources */,
				F10000002 /* PhotoPlaceholder.swift in Sources */,
				G10000001 /* LottieAnimationView.swift in Sources */,
				H10000001 /* RiveAnimationView.swift in Sources */,
				H10000003 /* IllustrationView.swift in Sources */,
				H10000004 /* IllustrationRegistry.swift in Sources */,
				H10000005 /* SkyPrimitives.swift in Sources */,
				H10000006 /* TerrainPrimitives.swift in Sources */,
				H10000007 /* SnowPrimitives.swift in Sources */,
				H10000008 /* WeatherPrimitives.swift in Sources */,
				H10000009 /* VegetationPrimitives.swift in Sources */,
				H10000010 /* EquipmentPrimitives.swift in Sources */,
				H10000011 /* HumanPrimitives.swift in Sources */,
				H10000012 /* PatternPrimitives.swift in Sources */,
				H10000013 /* WeatherIllustrations.swift in Sources */,
				H10000014 /* AvalancheIllustrations.swift in Sources */,
				H10000015 /* FlyingIllustrations.swift in Sources */,
				H10000016 /* NavigationIllustrations.swift in Sources */,
				H10000017 /* RopeSystemsIllustrations.swift in Sources */,
				H10000018 /* GlacierIllustrations.swift in Sources */,
				H10000019 /* FirstAidIllustrations.swift in Sources */,
				I10000001 /* WeatherData.swift in Sources */,
				I10000002 /* WeatherService.swift in Sources */,
				I10000003 /* FieldView.swift in Sources */,
				I10000004 /* InclinometerView.swift in Sources */,
				I10000005 /* CompassView.swift in Sources */,
				I10000006 /* AltimeterView.swift in Sources */,
				I10000007 /* ReductionMethodView.swift in Sources */,
				I10000008 /* ConditionsView.swift in Sources */,
				I10000009 /* InstrumentCard.swift in Sources */,
				J10000001 /* BulletinData.swift in Sources */,
				J10000002 /* TourData.swift in Sources */,
				J10000003 /* BulletinService.swift in Sources */,
				J10000004 /* TourStore.swift in Sources */,
				J10000005 /* BulletinView.swift in Sources */,
				J10000006 /* BulletinCardViews.swift in Sources */,
				J10000007 /* TourPlannerView.swift in Sources */,
				J10000008 /* TourMapView.swift in Sources */,
				J10000009 /* TourListView.swift in Sources */,
				J10000010 /* RiskAssessmentView.swift in Sources */,
				K10000001 /* Activity.swift in Sources */,
				K10000002 /* ActivityStore.swift in Sources */,
				K10000003 /* LearnView.swift in Sources */,
				K10000004 /* MapTabView.swift in Sources */,
				K10000005 /* ProfileView.swift in Sources */,
				K10000006 /* ActivitySelectorBar.swift in Sources */,
				L10000001 /* AirspaceData.swift in Sources */,
				L10000002 /* ThermalForecast.swift in Sources */,
				L10000003 /* ActivityLog.swift in Sources */,
				L10000004 /* AirspaceService.swift in Sources */,
				L10000005 /* FlightLogger.swift in Sources */,
				L10000006 /* ActivityLogStore.swift in Sources */,
				L10000007 /* ActivityMapView.swift in Sources */,
				L10000008 /* AirspaceOverlay.swift in Sources */,
				L10000009 /* PreFlightView.swift in Sources */,
				L10000010 /* FlightLogView.swift in Sources */,
				M10000001 /* ActivitySource.swift in Sources */,
				M10000002 /* PostTripReview.swift in Sources */,
				M10000003 /* MergedActivity.swift in Sources */,
				M10000004 /* ActivityFileStore.swift in Sources */,
				N10000001 /* HealthKitService.swift in Sources */,
				N10000002 /* HealthKitConnectionView.swift in Sources */,
				N10000003 /* ImportProgressView.swift in Sources */,
				O10000001 /* XContestService.swift in Sources */,
				O10000002 /* IGCParser.swift in Sources */,
				O10000003 /* IGCImporter.swift in Sources */,
				O10000004 /* MergeEngine.swift in Sources */,
				O10000005 /* MergeSuggestionCard.swift in Sources */,
				O10000006 /* XContestConnectionView.swift in Sources */,
				P10000001 /* HazardContent.swift in Sources */,
				P10000002 /* PostTripReviewView.swift in Sources */,
				P10000003 /* ReviewStepViews.swift in Sources */,
				P10000004 /* LogbookView.swift in Sources */,
				P10000005 /* ActivityDetailView.swift in Sources */,
				P10000006 /* StatsView.swift in Sources */,
				Q10000001 /* HomeView.swift in Sources */,
				R10000001 /* LaunchSiteData.swift in Sources */,
				R10000002 /* ParaglidingEarthService.swift in Sources */,
				S10000001 /* DangerRegionOverlay.swift in Sources */,
				T10000001 /* LocationService.swift in Sources */,
			);
			runOnlyForDeploymentPostprocessing = 0;
		};
/* End PBXSourcesBuildPhase section */

/* Begin XCBuildConfiguration section */
		A80000101 /* Debug */ = {
			isa = XCBuildConfiguration;
			buildSettings = {
				ALWAYS_SEARCH_USER_PATHS = NO;
				ASSETCATALOG_COMPILER_GENERATE_SWIFT_ASSET_SYMBOL_EXTENSIONS = YES;
				CLANG_ANALYZER_NONNULL = YES;
				CLANG_ANALYZER_NUMBER_OBJECT_CONVERSION = YES_AGGRESSIVE;
				CLANG_CXX_LANGUAGE_STANDARD = "gnu++20";
				CLANG_ENABLE_MODULES = YES;
				CLANG_ENABLE_OBJC_ARC = YES;
				CLANG_ENABLE_OBJC_WEAK = YES;
				CLANG_WARN_BLOCK_CAPTURE_AUTORELEASING = YES;
				CLANG_WARN_BOOL_CONVERSION = YES;
				CLANG_WARN_COMMA = YES;
				CLANG_WARN_CONSTANT_CONVERSION = YES;
				CLANG_WARN_DEPRECATED_OBJC_IMPLEMENTATIONS = YES;
				CLANG_WARN_DIRECT_OBJC_ISA_USAGE = YES_ERROR;
				CLANG_WARN_DOCUMENTATION_COMMENTS = YES;
				CLANG_WARN_EMPTY_BODY = YES;
				CLANG_WARN_ENUM_CONVERSION = YES;
				CLANG_WARN_INFINITE_RECURSION = YES;
				CLANG_WARN_INT_CONVERSION = YES;
				CLANG_WARN_NON_LITERAL_NULL_CONVERSION = YES;
				CLANG_WARN_OBJC_IMPLICIT_RETAIN_SELF = YES;
				CLANG_WARN_OBJC_LITERAL_CONVERSION = YES;
				CLANG_WARN_OBJC_ROOT_CLASS = YES_ERROR;
				CLANG_WARN_QUOTED_INCLUDE_IN_FRAMEWORK_HEADER = YES;
				CLANG_WARN_RANGE_LOOP_ANALYSIS = YES;
				CLANG_WARN_STRICT_PROTOTYPES = YES;
				CLANG_WARN_SUSPICIOUS_MOVE = YES;
				CLANG_WARN_UNGUARDED_AVAILABILITY = YES_AGGRESSIVE;
				CLANG_WARN_UNREACHABLE_CODE = YES;
				CLANG_WARN__DUPLICATE_METHOD_MATCH = YES;
				COPY_PHASE_STRIP = NO;
				DEBUG_INFORMATION_FORMAT = dwarf;
				ENABLE_STRICT_OBJC_MSGSEND = YES;
				ENABLE_TESTABILITY = YES;
				ENABLE_USER_SCRIPT_SANDBOXING = YES;
				GCC_C_LANGUAGE_STANDARD = gnu17;
				GCC_DYNAMIC_NO_PIC = NO;
				GCC_NO_COMMON_BLOCKS = YES;
				GCC_OPTIMIZATION_LEVEL = 0;
				GCC_PREPROCESSOR_DEFINITIONS = (
					"DEBUG=1",
					"$(inherited)",
				);
				GCC_WARN_64_TO_32_BIT_CONVERSION = YES;
				GCC_WARN_ABOUT_RETURN_TYPE = YES_ERROR;
				GCC_WARN_UNDECLARED_SELECTOR = YES;
				GCC_WARN_UNINITIALIZED_AUTOS = YES_AGGRESSIVE;
				GCC_WARN_UNUSED_FUNCTION = YES;
				GCC_WARN_UNUSED_VARIABLE = YES;
				IPHONEOS_DEPLOYMENT_TARGET = 17.0;
				LOCALIZATION_PREFERS_STRING_CATALOGS = YES;
				MTL_ENABLE_DEBUG_INFO = INCLUDE_SOURCE;
				MTL_FAST_MATH = YES;
				ONLY_ACTIVE_ARCH = YES;
				SDKROOT = iphoneos;
				SWIFT_ACTIVE_COMPILATION_CONDITIONS = "DEBUG $(inherited)";
				SWIFT_OPTIMIZATION_LEVEL = "-Onone";
			};
			name = Debug;
		};
		A80000102 /* Release */ = {
			isa = XCBuildConfiguration;
			buildSettings = {
				ALWAYS_SEARCH_USER_PATHS = NO;
				ASSETCATALOG_COMPILER_GENERATE_SWIFT_ASSET_SYMBOL_EXTENSIONS = YES;
				CLANG_ANALYZER_NONNULL = YES;
				CLANG_ANALYZER_NUMBER_OBJECT_CONVERSION = YES_AGGRESSIVE;
				CLANG_CXX_LANGUAGE_STANDARD = "gnu++20";
				CLANG_ENABLE_MODULES = YES;
				CLANG_ENABLE_OBJC_ARC = YES;
				CLANG_ENABLE_OBJC_WEAK = YES;
				CLANG_WARN_BLOCK_CAPTURE_AUTORELEASING = YES;
				CLANG_WARN_BOOL_CONVERSION = YES;
				CLANG_WARN_COMMA = YES;
				CLANG_WARN_CONSTANT_CONVERSION = YES;
				CLANG_WARN_DEPRECATED_OBJC_IMPLEMENTATIONS = YES;
				CLANG_WARN_DIRECT_OBJC_ISA_USAGE = YES_ERROR;
				CLANG_WARN_DOCUMENTATION_COMMENTS = YES;
				CLANG_WARN_EMPTY_BODY = YES;
				CLANG_WARN_ENUM_CONVERSION = YES;
				CLANG_WARN_INFINITE_RECURSION = YES;
				CLANG_WARN_INT_CONVERSION = YES;
				CLANG_WARN_NON_LITERAL_NULL_CONVERSION = YES;
				CLANG_WARN_OBJC_IMPLICIT_RETAIN_SELF = YES;
				CLANG_WARN_OBJC_LITERAL_CONVERSION = YES;
				CLANG_WARN_OBJC_ROOT_CLASS = YES_ERROR;
				CLANG_WARN_QUOTED_INCLUDE_IN_FRAMEWORK_HEADER = YES;
				CLANG_WARN_RANGE_LOOP_ANALYSIS = YES;
				CLANG_WARN_STRICT_PROTOTYPES = YES;
				CLANG_WARN_SUSPICIOUS_MOVE = YES;
				CLANG_WARN_UNGUARDED_AVAILABILITY = YES_AGGRESSIVE;
				CLANG_WARN_UNREACHABLE_CODE = YES;
				CLANG_WARN__DUPLICATE_METHOD_MATCH = YES;
				COPY_PHASE_STRIP = NO;
				DEBUG_INFORMATION_FORMAT = "dwarf-with-dsym";
				ENABLE_NS_ASSERTIONS = NO;
				ENABLE_STRICT_OBJC_MSGSEND = YES;
				ENABLE_USER_SCRIPT_SANDBOXING = YES;
				GCC_C_LANGUAGE_STANDARD = gnu17;
				GCC_NO_COMMON_BLOCKS = YES;
				GCC_WARN_64_TO_32_BIT_CONVERSION = YES;
				GCC_WARN_ABOUT_RETURN_TYPE = YES_ERROR;
				GCC_WARN_UNDECLARED_SELECTOR = YES;
				GCC_WARN_UNINITIALIZED_AUTOS = YES_AGGRESSIVE;
				GCC_WARN_UNUSED_FUNCTION = YES;
				GCC_WARN_UNUSED_VARIABLE = YES;
				IPHONEOS_DEPLOYMENT_TARGET = 17.0;
				LOCALIZATION_PREFERS_STRING_CATALOGS = YES;
				MTL_ENABLE_DEBUG_INFO = NO;
				MTL_FAST_MATH = YES;
				SDKROOT = iphoneos;
				SWIFT_COMPILATION_MODE = wholemodule;
				VALIDATE_PRODUCT = YES;
			};
			name = Release;
		};
		A80000201 /* Debug */ = {
			isa = XCBuildConfiguration;
			buildSettings = {
				ASSETCATALOG_COMPILER_APPICON_NAME = AppIcon;
				ASSETCATALOG_COMPILER_GLOBAL_ACCENT_COLOR_NAME = AccentColor;
				CODE_SIGN_ENTITLEMENTS = MountainGuide/MountainGuide.entitlements;
				CODE_SIGN_STYLE = Automatic;
				CURRENT_PROJECT_VERSION = 1;
				DEVELOPMENT_TEAM = 2JQ92FGH4S;
				ENABLE_PREVIEWS = YES;
				GENERATE_INFOPLIST_FILE = YES;
				INFOPLIST_KEY_NSHealthShareUsageDescription = "MountainGuide reads your workouts to track mountain activities and award XP.";
				INFOPLIST_KEY_NSLocationWhenInUseUsageDescription = "MountainGuide uses your location for local weather, compass heading, GPS altitude, and flight tracking.";
				INFOPLIST_KEY_UIApplicationSceneManifest_Generation = YES;
				INFOPLIST_KEY_UIApplicationSupportsIndirectInputEvents = YES;
				INFOPLIST_KEY_UILaunchScreen_Generation = YES;
				INFOPLIST_KEY_UISupportedInterfaceOrientations = "UIInterfaceOrientationLandscapeLeft UIInterfaceOrientationLandscapeRight UIInterfaceOrientationPortrait";
				INFOPLIST_KEY_UISupportedInterfaceOrientations_iPad = "UIInterfaceOrientationLandscapeLeft UIInterfaceOrientationLandscapeRight UIInterfaceOrientationPortrait UIInterfaceOrientationPortraitUpsideDown";
				LD_RUNPATH_SEARCH_PATHS = (
					"$(inherited)",
					"@executable_path/Frameworks",
				);
				MARKETING_VERSION = 1.0;
				PRODUCT_BUNDLE_IDENTIFIER = com.naly.MountainGuide;
				PRODUCT_NAME = "$(TARGET_NAME)";
				SWIFT_EMIT_LOC_STRINGS = YES;
				SWIFT_VERSION = 5.0;
				TARGETED_DEVICE_FAMILY = "1,2";
			};
			name = Debug;
		};
		A80000202 /* Release */ = {
			isa = XCBuildConfiguration;
			buildSettings = {
				ASSETCATALOG_COMPILER_APPICON_NAME = AppIcon;
				ASSETCATALOG_COMPILER_GLOBAL_ACCENT_COLOR_NAME = AccentColor;
				CODE_SIGN_ENTITLEMENTS = MountainGuide/MountainGuide.entitlements;
				CODE_SIGN_STYLE = Automatic;
				CURRENT_PROJECT_VERSION = 1;
				DEVELOPMENT_TEAM = 2JQ92FGH4S;
				ENABLE_PREVIEWS = YES;
				GENERATE_INFOPLIST_FILE = YES;
				INFOPLIST_KEY_NSHealthShareUsageDescription = "MountainGuide reads your workouts to track mountain activities and award XP.";
				INFOPLIST_KEY_NSLocationWhenInUseUsageDescription = "MountainGuide uses your location for local weather, compass heading, GPS altitude, and flight tracking.";
				INFOPLIST_KEY_UIApplicationSceneManifest_Generation = YES;
				INFOPLIST_KEY_UIApplicationSupportsIndirectInputEvents = YES;
				INFOPLIST_KEY_UILaunchScreen_Generation = YES;
				INFOPLIST_KEY_UISupportedInterfaceOrientations = "UIInterfaceOrientationLandscapeLeft UIInterfaceOrientationLandscapeRight UIInterfaceOrientationPortrait";
				INFOPLIST_KEY_UISupportedInterfaceOrientations_iPad = "UIInterfaceOrientationLandscapeLeft UIInterfaceOrientationLandscapeRight UIInterfaceOrientationPortrait UIInterfaceOrientationPortraitUpsideDown";
				LD_RUNPATH_SEARCH_PATHS = (
					"$(inherited)",
					"@executable_path/Frameworks",
				);
				MARKETING_VERSION = 1.0;
				PRODUCT_BUNDLE_IDENTIFIER = com.naly.MountainGuide;
				PRODUCT_NAME = "$(TARGET_NAME)";
				SWIFT_EMIT_LOC_STRINGS = YES;
				SWIFT_VERSION = 5.0;
				TARGETED_DEVICE_FAMILY = "1,2";
			};
			name = Release;
		};
/* End XCBuildConfiguration section */

/* Begin XCConfigurationList section */
		A80000001 /* Build configuration list for PBXProject "MountainGuide" */ = {
			isa = XCConfigurationList;
			buildConfigurations = (
				A80000101 /* Debug */,
				A80000102 /* Release */,
			);
			defaultConfigurationIsVisible = 0;
			defaultConfigurationName = Release;
		};
		A80000003 /* Build configuration list for PBXNativeTarget "MountainGuide" */ = {
			isa = XCConfigurationList;
			buildConfigurations = (
				A80000201 /* Debug */,
				A80000202 /* Release */,
			);
			defaultConfigurationIsVisible = 0;
			defaultConfigurationName = Release;
		};
/* End XCConfigurationList section */

/* Begin XCRemoteSwiftPackageReference section */
		G40000001 /* XCRemoteSwiftPackageReference "lottie-ios" */ = {
			isa = XCRemoteSwiftPackageReference;
			repositoryURL = "https://github.com/airbnb/lottie-ios";
			requirement = {
				kind = upToNextMajorVersion;
				minimumVersion = 4.4.0;
			};
		};
		H40000001 /* XCRemoteSwiftPackageReference "rive-ios" */ = {
			isa = XCRemoteSwiftPackageReference;
			repositoryURL = "https://github.com/rive-app/rive-ios";
			requirement = {
				kind = upToNextMajorVersion;
				minimumVersion = 6.0.0;
			};
		};
/* End XCRemoteSwiftPackageReference section */

/* Begin XCSwiftPackageProductDependency section */
		G30000001 /* Lottie */ = {
			isa = XCSwiftPackageProductDependency;
			package = G40000001 /* XCRemoteSwiftPackageReference "lottie-ios" */;
			productName = Lottie;
		};
		H30000001 /* RiveRuntime */ = {
			isa = XCSwiftPackageProductDependency;
			package = H40000001 /* XCRemoteSwiftPackageReference "rive-ios" */;
			productName = RiveRuntime;
		};
/* End XCSwiftPackageProductDependency section */
	};
	rootObject = A90000001 /* Project object */;
}
